
Microsoft Visual Studio Solution File, Format Version 12.00
# Visual Studio Version 17
VisualStudioVersion = 17.3.32929.385
MinimumVisualStudioVersion = 10.0.40219.1
Project("{FAE04EC0-301F-11D3-BF4B-00C04F79EFBC}") = "LineComparisonProgram", "LineComparisonProgram.csproj", "{1C787873-ECE3-49B1-9DF0-BD790B491F6C}"
EndProject
Global
	GlobalSection(SolutionConfigurationPlatforms) = preSolution
		Debug|Any CPU = Debug|Any CPU
		Release|Any CPU = Release|Any CPU
	EndGlobalSection
	GlobalSection(ProjectConfigurationPlatforms) = postSolution
		{1C787873-ECE3-49B1-9DF0-BD790B491F6C}.Debug|Any CPU.ActiveCfg = Debug|Any CPU
		{1C787873-ECE3-49B1-9DF0-BD790B491F6C}.Debug|Any CPU.Build.0 = Debug|Any CPU
		{1C787873-ECE3-49B1-9DF0-BD790B491F6C}.Release|Any CPU.ActiveCfg = Release|Any CPU
		{1C787873-ECE3-49B1-9DF0-BD790B491F6C}.Release|Any CPU.Build.0 = Release|Any CPU
	EndGlobalSection
	GlobalSection(SolutionProperties) = preSolution
		HideSolutionNode = FALSE
	EndGlobalSection
	GlobalSection(ExtensibilityGlobals) = postSolution
		SolutionGuid = {C74CCB87-0911-46D5-A568-E93B369CDC3A}
	EndGlobalSection
EndGlobal
